
Microsoft Visual Studio Solution File, Format Version 12.00
# Visual Studio Version 16
VisualStudioVersion = 16.0.29409.12
MinimumVisualStudioVersion = 10.0.40219.1
Project("{FAE04EC0-301F-11D3-BF4B-00C04F79EFBC}") = "NbaApp.AppRunner", "NbaApp.AppRunner\NbaApp.AppRunner.csproj", "{34565C95-9E26-439D-B454-318986A65E32}"
EndProject
Project("{FAE04EC0-301F-11D3-BF4B-00C04F79EFBC}") = "NbaApp.Infrastucture", "NbaApp.Infrastucture\NbaApp.Infrastucture.csproj", "{4A3F9AA7-B091-41B0-94E7-E57DA340EE07}"
EndProject
Global
	GlobalSection(SolutionConfigurationPlatforms) = preSolution
		Debug|Any CPU = Debug|Any CPU
		Release|Any CPU = Release|Any CPU
	EndGlobalSection
	GlobalSection(ProjectConfigurationPlatforms) = postSolution
		{34565C95-9E26-439D-B454-318986A65E32}.Debug|Any CPU.ActiveCfg = Debug|Any CPU
		{34565C95-9E26-439D-B454-318986A65E32}.Debug|Any CPU.Build.0 = Debug|Any CPU
		{34565C95-9E26-439D-B454-318986A65E32}.Release|Any CPU.ActiveCfg = Release|Any CPU
		{34565C95-9E26-439D-B454-318986A65E32}.Release|Any CPU.Build.0 = Release|Any CPU
		{4A3F9AA7-B091-41B0-94E7-E57DA340EE07}.Debug|Any CPU.ActiveCfg = Debug|Any CPU
		{4A3F9AA7-B091-41B0-94E7-E57DA340EE07}.Debug|Any CPU.Build.0 = Debug|Any CPU
		{4A3F9AA7-B091-41B0-94E7-E57DA340EE07}.Release|Any CPU.ActiveCfg = Release|Any CPU
		{4A3F9AA7-B091-41B0-94E7-E57DA340EE07}.Release|Any CPU.Build.0 = Release|Any CPU
	EndGlobalSection
	GlobalSection(SolutionProperties) = preSolution
		HideSolutionNode = FALSE
	EndGlobalSection
	GlobalSection(ExtensibilityGlobals) = postSolution
		SolutionGuid = {26AA6C2A-83FB-4409-B519-9CCA780E32F4}
	EndGlobalSection
EndGlobal
